
Microsoft Visual Studio Solution File, Format Version 12.00
# Visual Studio Version 17
VisualStudioVersion = 17.6.33723.286
MinimumVisualStudioVersion = 10.0.40219.1
Project("{9A19103F-16F7-4668-BE54-9A1E7A4F7556}") = "Methods_Exercise-01", "Methods_Exercise-01\Methods_Exercise-01.csproj", "{4C27C6F4-83B9-4DDC-873E-CC7EC95B1282}"
EndProject
Global
	GlobalSection(SolutionConfigurationPlatforms) = preSolution
		Debug|Any CPU = Debug|Any CPU
		Release|Any CPU = Release|Any CPU
	EndGlobalSection
	GlobalSection(ProjectConfigurationPlatforms) = postSolution
		{4C27C6F4-83B9-4DDC-873E-CC7EC95B1282}.Debug|Any CPU.ActiveCfg = Debug|Any CPU
		{4C27C6F4-83B9-4DDC-873E-CC7EC95B1282}.Debug|Any CPU.Build.0 = Debug|Any CPU
		{4C27C6F4-83B9-4DDC-873E-CC7EC95B1282}.Release|Any CPU.ActiveCfg = Release|Any CPU
		{4C27C6F4-83B9-4DDC-873E-CC7EC95B1282}.Release|Any CPU.Build.0 = Release|Any CPU
	EndGlobalSection
	GlobalSection(SolutionProperties) = preSolution
		HideSolutionNode = FALSE
	EndGlobalSection
	GlobalSection(ExtensibilityGlobals) = postSolution
		SolutionGuid = {23F2A713-8E9A-4E43-93D2-06602930B6FF}
	EndGlobalSection
EndGlobal
